<?xml version="1.0" encoding="utf-8"?>
<Project ToolsVersion="4.0" xmlns="http://schemas.microsoft.com/developer/msbuild/2003">
  <ItemGroup>
    <Filter Include="Source Files">
      <UniqueIdentifier>{4FC737F1-C7A5-4376-A066-2A32D752A2FF}</UniqueIdentifier>
      <Extensions>cpp;c;cc;cxx;c++;cppm;ixx;def;odl;idl;hpj;bat;asm;asmx</Extensions>
    </Filter>
    <Filter Include="Header Files">
      <UniqueIdentifier>{93995380-89BD-4b04-88EB-625FBE52EBFB}</UniqueIdentifier>
      <Extensions>h;hh;hpp;hxx;h++;hm;inl;inc;ipp;xsd</Extensions>
    </Filter>
    <Filter Include="Resource Files">
      <UniqueIdentifier>{67DA6AB6-F800-4c08-8B7A-83BB121AAD01}</UniqueIdentifier>
      <Extensions>rc;ico;cur;bmp;dlg;rc2;rct;bin;rgs;gif;jpg;jpeg;jpe;resx;tiff;tif;png;wav;mfcribbon-ms</Extensions>
    </Filter>
    <Filter Include="ConsoleUI">
      <UniqueIdentifier>{f2deab38-2062-4758-884e-0c1fe1de3f4b}</UniqueIdentifier>
    </Filter>
    <Filter Include="Process">
      <UniqueIdentifier>{27fca006-c6e1-4232-a4cf-e2d839745fdb}</UniqueIdentifier>
    </Filter>
    <Filter Include="Threading">
      <UniqueIdentifier>{16286b35-3a6f-4af0-8558-469c1e2886e9}</UniqueIdentifier>
    </Filter>
    <Filter Include="CPU">
      <UniqueIdentifier>{4dc26ea1-de94-42db-b95d-a5e5315423c3}</UniqueIdentifier>
    </Filter>
  </ItemGroup>
  <ItemGroup>
    <ClCompile Include="CSOPESY.cpp">
      <Filter>Source Files</Filter>
    </ClCompile>
    <ClCompile Include="ConsoleManager.cpp">
      <Filter>ConsoleUI</Filter>
    </ClCompile>
    <ClCompile Include="AConsole.cpp">
      <Filter>ConsoleUI</Filter>
    </ClCompile>
    <ClCompile Include="MainConsole.cpp">
      <Filter>ConsoleUI</Filter>
    </ClCompile>
    <ClCompile Include="Screen.cpp">
      <Filter>ConsoleUI</Filter>
    </ClCompile>
    <ClCompile Include="Process.cpp">
      <Filter>Process</Filter>
    </ClCompile>
    <ClCompile Include="CSOPESYThread.cpp">
      <Filter>Threading</Filter>
    </ClCompile>
    <ClCompile Include="ICommand.cpp">
      <Filter>Process</Filter>
    </ClCompile>
    <ClCompile Include="PrintCommand.cpp">
      <Filter>Process</Filter>
    </ClCompile>
    <ClCompile Include="AScheduler.cpp">
      <Filter>CPU</Filter>
    </ClCompile>
    <ClCompile Include="FCFSScheduler.cpp">
      <Filter>CPU</Filter>
    </ClCompile>
    <ClCompile Include="GlobalScheduler.cpp">
      <Filter>CPU</Filter>
    </ClCompile>
    <ClCompile Include="SchedulerWorker.cpp">
      <Filter>CPU</Filter>
    </ClCompile>
  </ItemGroup>
  <ItemGroup>
    <ClInclude Include="ConsoleManager.h">
      <Filter>ConsoleUI</Filter>
    </ClInclude>
    <ClInclude Include="AConsole.h">
      <Filter>ConsoleUI</Filter>
    </ClInclude>
    <ClInclude Include="MainConsole.h">
      <Filter>ConsoleUI</Filter>
    </ClInclude>
    <ClInclude Include="Screen.h">
      <Filter>ConsoleUI</Filter>
    </ClInclude>
    <ClInclude Include="Process.h">
      <Filter>Process</Filter>
    </ClInclude>
    <ClInclude Include="CSOPESYThread.h">
      <Filter>Threading</Filter>
    </ClInclude>
    <ClInclude Include="ICommand.h">
      <Filter>Process</Filter>
    </ClInclude>
    <ClInclude Include="PrintCommand.h">
      <Filter>Process</Filter>
    </ClInclude>
    <ClInclude Include="AScheduler.h">
      <Filter>CPU</Filter>
    </ClInclude>
    <ClInclude Include="FCFSScheduler.h">
      <Filter>CPU</Filter>
    </ClInclude>
    <ClInclude Include="GlobalScheduler.h">
      <Filter>CPU</Filter>
    </ClInclude>
    <ClInclude Include="SchedulerWorker.h">
      <Filter>CPU</Filter>
    </ClInclude>
  </ItemGroup>
</Project>